// !$*UTF8*$!
{
	archiveVersion = 1;
	classes = {
	};
	objectVersion = 56;
	objects = {

/* Begin PBXBuildFile section */
		0809883A29E411E000238F87 /* AppDelegate.swift in Sources */ = {isa = PBXBuildFile; fileRef = 0809883929E411E000238F87 /* AppDelegate.swift */; };
		0809883C29E411E000238F87 /* SceneDelegate.swift in Sources */ = {isa = PBXBuildFile; fileRef = 0809883B29E411E000238F87 /* SceneDelegate.swift */; };
		0809883E29E411E000238F87 /* ViewController.swift in Sources */ = {isa = PBXBuildFile; fileRef = 0809883D29E411E000238F87 /* ViewController.swift */; };
		0809884129E411E000238F87 /* Main.storyboard in Resources */ = {isa = PBXBuildFile; fileRef = 0809883F29E411E000238F87 /* Main.storyboard */; };
		0809884329E411E600238F87 /* Assets.xcassets in Resources */ = {isa = PBXBuildFile; fileRef = 0809884229E411E600238F87 /* Assets.xcassets */; };
		0809884629E411E600238F87 /* LaunchScreen.storyboard in Resources */ = {isa = PBXBuildFile; fileRef = 0809884429E411E600238F87 /* LaunchScreen.storyboard */; };
		0809885129E411E600238F87 /* GuessGameTests.swift in Sources */ = {isa = PBXBuildFile; fileRef = 0809885029E411E600238F87 /* GuessGameTests.swift */; };
		0809885B29E411E600238F87 /* GuessGameUITests.swift in Sources */ = {isa = PBXBuildFile; fileRef = 0809885A29E411E600238F87 /* GuessGameUITests.swift */; };
		0809885D29E411E600238F87 /* GuessGameUITestsLaunchTests.swift in Sources */ = {isa = PBXBuildFile; fileRef = 0809885C29E411E600238F87 /* GuessGameUITestsLaunchTests.swift */; };
		0809886A29E4127200238F87 /* GuessScreenViewController.swift in Sources */ = {isa = PBXBuildFile; fileRef = 0809886929E4127200238F87 /* GuessScreenViewController.swift */; };
		0809886C29E412B500238F87 /* ResultViewController.swift in Sources */ = {isa = PBXBuildFile; fileRef = 0809886B29E412B500238F87 /* ResultViewController.swift */; };
/* End PBXBuildFile section */

/* Begin PBXContainerItemProxy section */
		0809884D29E411E600238F87 /* PBXContainerItemProxy */ = {
			isa = PBXContainerItemProxy;
			containerPortal = 0809882E29E411DF00238F87 /* Project object */;
			proxyType = 1;
			remoteGlobalIDString = 0809883529E411E000238F87;
			remoteInfo = GuessGame;
		};
		0809885729E411E600238F87 /* PBXContainerItemProxy */ = {
			isa = PBXContainerItemProxy;
			containerPortal = 0809882E29E411DF00238F87 /* Project object */;
			proxyType = 1;
			remoteGlobalIDString = 0809883529E411E000238F87;
			remoteInfo = GuessGame;
		};
/* End PBXContainerItemProxy section */

/* Begin PBXFileReference section */
		0809883629E411E000238F87 /* GuessGame.app */ = {isa = PBXFileReference; explicitFileType = wrapper.application; includeInIndex = 0; path = GuessGame.app; sourceTree = BUILT_PRODUCTS_DIR; };
		0809883929E411E000238F87 /* AppDelegate.swift */ = {isa = PBXFileReference; lastKnownFileType = sourcecode.swift; path = AppDelegate.swift; sourceTree = "<group>"; };
		0809883B29E411E000238F87 /* SceneDelegate.swift */ = {isa = PBXFileReference; lastKnownFileType = sourcecode.swift; path = SceneDelegate.swift; sourceTree = "<group>"; };
		0809883D29E411E000238F87 /* ViewController.swift */ = {isa = PBXFileReference; lastKnownFileType = sourcecode.swift; path = ViewController.swift; sourceTree = "<group>"; };
		0809884029E411E000238F87 /* Base */ = {isa = PBXFileReference; lastKnownFileType = file.storyboard; name = Base; path = Base.lproj/Main.storyboard; sourceTree = "<group>"; };
		0809884229E411E600238F87 /* Assets.xcassets */ = {isa = PBXFileReference; lastKnownFileType = folder.assetcatalog; path = Assets.xcassets; sourceTree = "<group>"; };
		0809884529E411E600238F87 /* Base */ = {isa = PBXFileReference; lastKnownFileType = file.storyboard; name = Base; path = Base.lproj/LaunchScreen.storyboard; sourceTree = "<group>"; };
		0809884729E411E600238F87 /* Info.plist */ = {isa = PBXFileReference; lastKnownFileType = text.plist.xml; path = Info.plist; sourceTree = "<group>"; };
		0809884C29E411E600238F87 /* GuessGameTests.xctest */ = {isa = PBXFileReference; explicitFileType = wrapper.cfbundle; includeInIndex = 0; path = GuessGameTests.xctest; sourceTree = BUILT_PRODUCTS_DIR; };
		0809885029E411E600238F87 /* GuessGameTests.swift */ = {isa = PBXFileReference; lastKnownFileType = sourcecode.swift; path = GuessGameTests.swift; sourceTree = "<group>"; };
		0809885629E411E600238F87 /* GuessGameUITests.xctest */ = {isa = PBXFileReference; explicitFileType = wrapper.cfbundle; includeInIndex = 0; path = GuessGameUITests.xctest; sourceTree = BUILT_PRODUCTS_DIR; };
		0809885A29E411E600238F87 /* GuessGameUITests.swift */ = {isa = PBXFileReference; lastKnownFileType = sourcecode.swift; path = GuessGameUITests.swift; sourceTree = "<group>"; };
		0809885C29E411E600238F87 /* GuessGameUITestsLaunchTests.swift */ = {isa = PBXFileReference; lastKnownFileType = sourcecode.swift; path = GuessGameUITestsLaunchTests.swift; sourceTree = "<group>"; };
		0809886929E4127200238F87 /* GuessScreenViewController.swift */ = {isa = PBXFileReference; lastKnownFileType = sourcecode.swift; path = GuessScreenViewController.swift; sourceTree = "<group>"; };
		0809886B29E412B500238F87 /* ResultViewController.swift */ = {isa = PBXFileReference; lastKnownFileType = sourcecode.swift; path = ResultViewController.swift; sourceTree = "<group>"; };
/* End PBXFileReference section */

/* Begin PBXFrameworksBuildPhase section */
		0809883329E411E000238F87 /* Frameworks */ = {
			isa = PBXFrameworksBuildPhase;
			buildActionMask = 2147483647;
			files = (
			);
			runOnlyForDeploymentPostprocessing = 0;
		};
		0809884929E411E600238F87 /* Frameworks */ = {
			isa = PBXFrameworksBuildPhase;
			buildActionMask = 2147483647;
			files = (
			);
			runOnlyForDeploymentPostprocessing = 0;
		};
		0809885329E411E600238F87 /* Frameworks */ = {
			isa = PBXFrameworksBuildPhase;
			buildActionMask = 2147483647;
			files = (
			);
			runOnlyForDeploymentPostprocessing = 0;
		};
/* End PBXFrameworksBuildPhase section */

/* Begin PBXGroup section */
		0809882D29E411DF00238F87 = {
			isa = PBXGroup;
			children = (
				0809883829E411E000238F87 /* GuessGame */,
				0809884F29E411E600238F87 /* GuessGameTests */,
				0809885929E411E600238F87 /* GuessGameUITests */,
				0809883729E411E000238F87 /* Products */,
			);
			sourceTree = "<group>";
		};
		0809883729E411E000238F87 /* Products */ = {
			isa = PBXGroup;
			children = (
				0809883629E411E000238F87 /* GuessGame.app */,
				0809884C29E411E600238F87 /* GuessGameTests.xctest */,
				0809885629E411E600238F87 /* GuessGameUITests.xctest */,
			);
			name = Products;
			sourceTree = "<group>";
		};
		0809883829E411E000238F87 /* GuessGame */ = {
			isa = PBXGroup;
			children = (
				0809883929E411E000238F87 /* AppDelegate.swift */,
				0809883B29E411E000238F87 /* SceneDelegate.swift */,
				0809886B29E412B500238F87 /* ResultViewController.swift */,
				0809886929E4127200238F87 /* GuessScreenViewController.swift */,
				0809883D29E411E000238F87 /* ViewController.swift */,
				0809883F29E411E000238F87 /* Main.storyboard */,
				0809884229E411E600238F87 /* Assets.xcassets */,
				0809884429E411E600238F87 /* LaunchScreen.storyboard */,
				0809884729E411E600238F87 /* Info.plist */,
			);
			path = GuessGame;
			sourceTree = "<group>";
		};
		0809884F29E411E600238F87 /* GuessGameTests */ = {
			isa = PBXGroup;
			children = (
				0809885029E411E600238F87 /* GuessGameTests.swift */,
			);
			path = GuessGameTests;
			sourceTree = "<group>";
		};
		0809885929E411E600238F87 /* GuessGameUITests */ = {
			isa = PBXGroup;
			children = (
				0809885A29E411E600238F87 /* GuessGameUITests.swift */,
				0809885C29E411E600238F87 /* GuessGameUITestsLaunchTests.swift */,
			);
			path = GuessGameUITests;
			sourceTree = "<group>";
		};
/* End PBXGroup section */

/* Begin PBXNativeTarget section */
		0809883529E411E000238F87 /* GuessGame */ = {
			isa = PBXNativeTarget;
			buildConfigurationList = 0809886029E411E600238F87 /* Build configuration list for PBXNativeTarget "GuessGame" */;
			buildPhases = (
				0809883229E411E000238F87 /* Sources */,
				0809883329E411E000238F87 /* Frameworks */,
				0809883429E411E000238F87 /* Resources */,
			);
			buildRules = (
			);
			dependencies = (
			);
			name = GuessGame;
			productName = GuessGame;
			productReference = 0809883629E411E000238F87 /* GuessGame.app */;
			productType = "com.apple.product-type.application";
		};
		0809884B29E411E600238F87 /* GuessGameTests */ = {
			isa = PBXNativeTarget;
			buildConfigurationList = 0809886329E411E600238F87 /* Build configuration list for PBXNativeTarget "GuessGameTests" */;
			buildPhases = (
				0809884829E411E600238F87 /* Sources */,
				0809884929E411E600238F87 /* Frameworks */,
				0809884A29E411E600238F87 /* Resources */,
			);
			buildRules = (
			);
			dependencies = (
				0809884E29E411E600238F87 /* PBXTargetDependency */,
			);
			name = GuessGameTests;
			productName = GuessGameTests;
			productReference = 0809884C29E411E600238F87 /* GuessGameTests.xctest */;
			productType = "com.apple.product-type.bundle.unit-test";
		};
		0809885529E411E600238F87 /* GuessGameUITests */ = {
			isa = PBXNativeTarget;
			buildConfigurationList = 0809886629E411E600238F87 /* Build configuration list for PBXNativeTarget "GuessGameUITests" */;
			buildPhases = (
				0809885229E411E600238F87 /* Sources */,
				0809885329E411E600238F87 /* Frameworks */,
				0809885429E411E600238F87 /* Resources */,
			);
			buildRules = (
			);
			dependencies = (
				0809885829E411E600238F87 /* PBXTargetDependency */,
			);
			name = GuessGameUITests;
			productName = GuessGameUITests;
			productReference = 0809885629E411E600238F87 /* GuessGameUITests.xctest */;
			productType = "com.apple.product-type.bundle.ui-testing";
		};
/* End PBXNativeTarget section */

/* Begin PBXProject section */
		0809882E29E411DF00238F87 /* Project object */ = {
			isa = PBXProject;
			attributes = {
				BuildIndependentTargetsInParallel = 1;
				LastSwiftUpdateCheck = 1420;
				LastUpgradeCheck = 1420;
				TargetAttributes = {
					0809883529E411E000238F87 = {
						CreatedOnToolsVersion = 14.2;
					};
					0809884B29E411E600238F87 = {
						CreatedOnToolsVersion = 14.2;
						TestTargetID = 0809883529E411E000238F87;
					};
					0809885529E411E600238F87 = {
						CreatedOnToolsVersion = 14.2;
						TestTargetID = 0809883529E411E000238F87;
					};
				};
			};
			buildConfigurationList = 0809883129E411DF00238F87 /* Build configuration list for PBXProject "GuessGame" */;
			compatibilityVersion = "Xcode 14.0";
			developmentRegion = en;
			hasScannedForEncodings = 0;
			knownRegions = (
				en,
				Base,
			);
			mainGroup = 0809882D29E411DF00238F87;
			productRefGroup = 0809883729E411E000238F87 /* Products */;
			projectDirPath = "";
			projectRoot = "";
			targets = (
				0809883529E411E000238F87 /* GuessGame */,
				0809884B29E411E600238F87 /* GuessGameTests */,
				0809885529E411E600238F87 /* GuessGameUITests */,
			);
		};
/* End PBXProject section */

/* Begin PBXResourcesBuildPhase section */
		0809883429E411E000238F87 /* Resources */ = {
			isa = PBXResourcesBuildPhase;
			buildActionMask = 2147483647;
			files = (
				0809884629E411E600238F87 /* LaunchScreen.storyboard in Resources */,
				0809884329E411E600238F87 /* Assets.xcassets in Resources */,
				0809884129E411E000238F87 /* Main.storyboard in Resources */,
			);
			runOnlyForDeploymentPostprocessing = 0;
		};
		0809884A29E411E600238F87 /* Resources */ = {
			isa = PBXResourcesBuildPhase;
			buildActionMask = 2147483647;
			files = (
			);
			runOnlyForDeploymentPostprocessing = 0;
		};
		0809885429E411E600238F87 /* Resources */ = {
			isa = PBXResourcesBuildPhase;
			buildActionMask = 2147483647;
			files = (
			);
			runOnlyForDeploymentPostprocessing = 0;
		};
/* End PBXResourcesBuildPhase section */

/* Begin PBXSourcesBuildPhase section */
		0809883229E411E000238F87 /* Sources */ = {
			isa = PBXSourcesBuildPhase;
			buildActionMask = 2147483647;
			files = (
				0809886C29E412B500238F87 /* ResultViewController.swift in Sources */,
				0809886A29E4127200238F87 /* GuessScreenViewController.swift in Sources */,
				0809883E29E411E000238F87 /* ViewController.swift in Sources */,
				0809883A29E411E000238F87 /* AppDelegate.swift in Sources */,
				0809883C29E411E000238F87 /* SceneDelegate.swift in Sources */,
			);
			runOnlyForDeploymentPostprocessing = 0;
		};
		0809884829E411E600238F87 /* Sources */ = {
			isa = PBXSourcesBuildPhase;
			buildActionMask = 2147483647;
			files = (
				0809885129E411E600238F87 /* GuessGameTests.swift in Sources */,
			);
			runOnlyForDeploymentPostprocessing = 0;
		};
		0809885229E411E600238F87 /* Sources */ = {
			isa = PBXSourcesBuildPhase;
			buildActionMask = 2147483647;
			files = (
				0809885D29E411E600238F87 /* GuessGameUITestsLaunchTests.swift in Sources */,
				0809885B29E411E600238F87 /* GuessGameUITests.swift in Sources */,
			);
			runOnlyForDeploymentPostprocessing = 0;
		};
/* End PBXSourcesBuildPhase section */

/* Begin PBXTargetDependency section */
		0809884E29E411E600238F87 /* PBXTargetDependency */ = {
			isa = PBXTargetDependency;
			target = 0809883529E411E000238F87 /* GuessGame */;
			targetProxy = 0809884D29E411E600238F87 /* PBXContainerItemProxy */;
		};
		0809885829E411E600238F87 /* PBXTargetDependency */ = {
			isa = PBXTargetDependency;
			target = 0809883529E411E000238F87 /* GuessGame */;
			targetProxy = 0809885729E411E600238F87 /* PBXContainerItemProxy */;
		};
/* End PBXTargetDependency section */

/* Begin PBXVariantGroup section */
		0809883F29E411E000238F87 /* Main.storyboard */ = {
			isa = PBXVariantGroup;
			children = (
				0809884029E411E000238F87 /* Base */,
			);
			name = Main.storyboard;
			sourceTree = "<group>";
		};
		0809884429E411E600238F87 /* LaunchScreen.storyboard */ = {
			isa = PBXVariantGroup;
			children = (
				0809884529E411E600238F87 /* Base */,
			);
			name = LaunchScreen.storyboard;
			sourceTree = "<group>";
		};
/* End PBXVariantGroup section */

/* Begin XCBuildConfiguration section */
		0809885E29E411E600238F87 /* Debug */ = {
			isa = XCBuildConfiguration;
			buildSettings = {
				ALWAYS_SEARCH_USER_PATHS = NO;
				CLANG_ANALYZER_NONNULL = YES;
				CLANG_ANALYZER_NUMBER_OBJECT_CONVERSION = YES_AGGRESSIVE;
				CLANG_CXX_LANGUAGE_STANDARD = "gnu++20";
				CLANG_ENABLE_MODULES = YES;
				CLANG_ENABLE_OBJC_ARC = YES;
				CLANG_ENABLE_OBJC_WEAK = YES;
				CLANG_WARN_BLOCK_CAPTURE_AUTORELEASING = YES;
				CLANG_WARN_BOOL_CONVERSION = YES;
				CLANG_WARN_COMMA = YES;
				CLANG_WARN_CONSTANT_CONVERSION = YES;
				CLANG_WARN_DEPRECATED_OBJC_IMPLEMENTATIONS = YES;
				CLANG_WARN_DIRECT_OBJC_ISA_USAGE = YES_ERROR;
				CLANG_WARN_DOCUMENTATION_COMMENTS = YES;
				CLANG_WARN_EMPTY_BODY = YES;
				CLANG_WARN_ENUM_CONVERSION = YES;
				CLANG_WARN_INFINITE_RECURSION = YES;
				CLANG_WARN_INT_CONVERSION = YES;
				CLANG_WARN_NON_LITERAL_NULL_CONVERSION = YES;
				CLANG_WARN_OBJC_IMPLICIT_RETAIN_SELF = YES;
				CLANG_WARN_OBJC_LITERAL_CONVERSION = YES;
				CLANG_WARN_OBJC_ROOT_CLASS = YES_ERROR;
				CLANG_WARN_QUOTED_INCLUDE_IN_FRAMEWORK_HEADER = YES;
				CLANG_WARN_RANGE_LOOP_ANALYSIS = YES;
				CLANG_WARN_STRICT_PROTOTYPES = YES;
				CLANG_WARN_SUSPICIOUS_MOVE = YES;
				CLANG_WARN_UNGUARDED_AVAILABILITY = YES_AGGRESSIVE;
				CLANG_WARN_UNREACHABLE_CODE = YES;
				CLANG_WARN__DUPLICATE_METHOD_MATCH = YES;
				COPY_PHASE_STRIP = NO;
				DEBUG_INFORMATION_FORMAT = dwarf;
				ENABLE_STRICT_OBJC_MSGSEND = YES;
				ENABLE_TESTABILITY = YES;
				GCC_C_LANGUAGE_STANDARD = gnu11;
				GCC_DYNAMIC_NO_PIC = NO;
				GCC_NO_COMMON_BLOCKS = YES;
				GCC_OPTIMIZATION_LEVEL = 0;
				GCC_PREPROCESSOR_DEFINITIONS = (
					"DEBUG=1",
					"$(inherited)",
				);
				GCC_WARN_64_TO_32_BIT_CONVERSION = YES;
				GCC_WARN_ABOUT_RETURN_TYPE = YES_ERROR;
				GCC_WARN_UNDECLARED_SELECTOR = YES;
				GCC_WARN_UNINITIALIZED_AUTOS = YES_AGGRESSIVE;
				GCC_WARN_UNUSED_FUNCTION = YES;
				GCC_WARN_UNUSED_VARIABLE = YES;
				IPHONEOS_DEPLOYMENT_TARGET = 16.2;
				MTL_ENABLE_DEBUG_INFO = INCLUDE_SOURCE;
				MTL_FAST_MATH = YES;
				ONLY_ACTIVE_ARCH = YES;
				SDKROOT = iphoneos;
				SWIFT_ACTIVE_COMPILATION_CONDITIONS = DEBUG;
				SWIFT_OPTIMIZATION_LEVEL = "-Onone";
			};
			name = Debug;
		};
		0809885F29E411E600238F87 /* Release */ = {
			isa = XCBuildConfiguration;
			buildSettings = {
				ALWAYS_SEARCH_USER_PATHS = NO;
				CLANG_ANALYZER_NONNULL = YES;
				CLANG_ANALYZER_NUMBER_OBJECT_CONVERSION = YES_AGGRESSIVE;
				CLANG_CXX_LANGUAGE_STANDARD = "gnu++20";
				CLANG_ENABLE_MODULES = YES;
				CLANG_ENABLE_OBJC_ARC = YES;
				CLANG_ENABLE_OBJC_WEAK = YES;
				CLANG_WARN_BLOCK_CAPTURE_AUTORELEASING = YES;
				CLANG_WARN_BOOL_CONVERSION = YES;
				CLANG_WARN_COMMA = YES;
				CLANG_WARN_CONSTANT_CONVERSION = YES;
				CLANG_WARN_DEPRECATED_OBJC_IMPLEMENTATIONS = YES;
				CLANG_WARN_DIRECT_OBJC_ISA_USAGE = YES_ERROR;
				CLANG_WARN_DOCUMENTATION_COMMENTS = YES;
				CLANG_WARN_EMPTY_BODY = YES;
				CLANG_WARN_ENUM_CONVERSION = YES;
				CLANG_WARN_INFINITE_RECURSION = YES;
				CLANG_WARN_INT_CONVERSION = YES;
				CLANG_WARN_NON_LITERAL_NULL_CONVERSION = YES;
				CLANG_WARN_OBJC_IMPLICIT_RETAIN_SELF = YES;
				CLANG_WARN_OBJC_LITERAL_CONVERSION = YES;
				CLANG_WARN_OBJC_ROOT_CLASS = YES_ERROR;
				CLANG_WARN_QUOTED_INCLUDE_IN_FRAMEWORK_HEADER = YES;
				CLANG_WARN_RANGE_LOOP_ANALYSIS = YES;
				CLANG_WARN_STRICT_PROTOTYPES = YES;
				CLANG_WARN_SUSPICIOUS_MOVE = YES;
				CLANG_WARN_UNGUARDED_AVAILABILITY = YES_AGGRESSIVE;
				CLANG_WARN_UNREACHABLE_CODE = YES;
				CLANG_WARN__DUPLICATE_METHOD_MATCH = YES;
				COPY_PHASE_STRIP = NO;
				DEBUG_INFORMATION_FORMAT = "dwarf-with-dsym";
				ENABLE_NS_ASSERTIONS = NO;
				ENABLE_STRICT_OBJC_MSGSEND = YES;
				GCC_C_LANGUAGE_STANDARD = gnu11;
				GCC_NO_COMMON_BLOCKS = YES;
				GCC_WARN_64_TO_32_BIT_CONVERSION = YES;
				GCC_WARN_ABOUT_RETURN_TYPE = YES_ERROR;
				GCC_WARN_UNDECLARED_SELECTOR = YES;
				GCC_WARN_UNINITIALIZED_AUTOS = YES_AGGRESSIVE;
				GCC_WARN_UNUSED_FUNCTION = YES;
				GCC_WARN_UNUSED_VARIABLE = YES;
				IPHONEOS_DEPLOYMENT_TARGET = 16.2;
				MTL_ENABLE_DEBUG_INFO = NO;
				MTL_FAST_MATH = YES;
				SDKROOT = iphoneos;
				SWIFT_COMPILATION_MODE = wholemodule;
				SWIFT_OPTIMIZATION_LEVEL = "-O";
				VALIDATE_PRODUCT = YES;
			};
			name = Release;
		};
		0809886129E411E600238F87 /* Debug */ = {
			isa = XCBuildConfiguration;
			buildSettings = {
				ASSETCATALOG_COMPILER_APPICON_NAME = AppIcon;
				ASSETCATALOG_COMPILER_GLOBAL_ACCENT_COLOR_NAME = AccentColor;
				CODE_SIGN_STYLE = Automatic;
				CURRENT_PROJECT_VERSION = 1;
				DEVELOPMENT_TEAM = LWQ6LZZQ5Q;
				GENERATE_INFOPLIST_FILE = YES;
				INFOPLIST_FILE = GuessGame/Info.plist;
				INFOPLIST_KEY_UIApplicationSupportsIndirectInputEvents = YES;
				INFOPLIST_KEY_UILaunchStoryboardName = LaunchScreen;
				INFOPLIST_KEY_UIMainStoryboardFile = Main;
				INFOPLIST_KEY_UISupportedInterfaceOrientations_iPad = "UIInterfaceOrientationPortrait UIInterfaceOrientationPortraitUpsideDown UIInterfaceOrientationLandscapeLeft UIInterfaceOrientationLandscapeRight";
				INFOPLIST_KEY_UISupportedInterfaceOrientations_iPhone = "UIInterfaceOrientationPortrait UIInterfaceOrientationLandscapeLeft UIInterfaceOrientationLandscapeRight";
				LD_RUNPATH_SEARCH_PATHS = (
					"$(inherited)",
					"@executable_path/Frameworks",
				);
				MARKETING_VERSION = 1.0;
				PRODUCT_BUNDLE_IDENTIFIER = nailtasdemir.GuessGame;
				PRODUCT_NAME = "$(TARGET_NAME)";
				SWIFT_EMIT_LOC_STRINGS = YES;
				SWIFT_VERSION = 5.0;
				TARGETED_DEVICE_FAMILY = "1,2";
			};
			name = Debug;
		};
		0809886229E411E600238F87 /* Release */ = {
			isa = XCBuildConfiguration;
			buildSettings = {
				ASSETCATALOG_COMPILER_APPICON_NAME = AppIcon;
				ASSETCATALOG_COMPILER_GLOBAL_ACCENT_COLOR_NAME = AccentColor;
				CODE_SIGN_STYLE = Automatic;
				CURRENT_PROJECT_VERSION = 1;
				DEVELOPMENT_TEAM = LWQ6LZZQ5Q;
				GENERATE_INFOPLIST_FILE = YES;
				INFOPLIST_FILE = GuessGame/Info.plist;
				INFOPLIST_KEY_UIApplicationSupportsIndirectInputEvents = YES;
				INFOPLIST_KEY_UILaunchStoryboardName = LaunchScreen;
				INFOPLIST_KEY_UIMainStoryboardFile = Main;
				INFOPLIST_KEY_UISupportedInterfaceOrientations_iPad = "UIInterfaceOrientationPortrait UIInterfaceOrientationPortraitUpsideDown UIInterfaceOrientationLandscapeLeft UIInterfaceOrientationLandscapeRight";
				INFOPLIST_KEY_UISupportedInterfaceOrientations_iPhone = "UIInterfaceOrientationPortrait UIInterfaceOrientationLandscapeLeft UIInterfaceOrientationLandscapeRight";
				LD_RUNPATH_SEARCH_PATHS = (
					"$(inherited)",
					"@executable_path/Frameworks",
				);
				MARKETING_VERSION = 1.0;
				PRODUCT_BUNDLE_IDENTIFIER = nailtasdemir.GuessGame;
				PRODUCT_NAME = "$(TARGET_NAME)";
				SWIFT_EMIT_LOC_STRINGS = YES;
				SWIFT_VERSION = 5.0;
				TARGETED_DEVICE_FAMILY = "1,2";
			};
			name = Release;
		};
		0809886429E411E600238F87 /* Debug */ = {
			isa = XCBuildConfiguration;
			buildSettings = {
				ALWAYS_EMBED_SWIFT_STANDARD_LIBRARIES = YES;
				BUNDLE_LOADER = "$(TEST_HOST)";
				CODE_SIGN_STYLE = Automatic;
				CURRENT_PROJECT_VERSION = 1;
				DEVELOPMENT_TEAM = LWQ6LZZQ5Q;
				GENERATE_INFOPLIST_FILE = YES;
				IPHONEOS_DEPLOYMENT_TARGET = 16.2;
				MARKETING_VERSION = 1.0;
				PRODUCT_BUNDLE_IDENTIFIER = nailtasdemir.GuessGameTests;
				PRODUCT_NAME = "$(TARGET_NAME)";
				SWIFT_EMIT_LOC_STRINGS = NO;
				SWIFT_VERSION = 5.0;
				TARGETED_DEVICE_FAMILY = "1,2";
				TEST_HOST = "$(BUILT_PRODUCTS_DIR)/GuessGame.app/$(BUNDLE_EXECUTABLE_FOLDER_PATH)/GuessGame";
			};
			name = Debug;
		};
		0809886529E411E600238F87 /* Release */ = {
			isa = XCBuildConfiguration;
			buildSettings = {
				ALWAYS_EMBED_SWIFT_STANDARD_LIBRARIES = YES;
				BUNDLE_LOADER = "$(TEST_HOST)";
				CODE_SIGN_STYLE = Automatic;
				CURRENT_PROJECT_VERSION = 1;
				DEVELOPMENT_TEAM = LWQ6LZZQ5Q;
				GENERATE_INFOPLIST_FILE = YES;
				IPHONEOS_DEPLOYMENT_TARGET = 16.2;
				MARKETING_VERSION = 1.0;
				PRODUCT_BUNDLE_IDENTIFIER = nailtasdemir.GuessGameTests;
				PRODUCT_NAME = "$(TARGET_NAME)";
				SWIFT_EMIT_LOC_STRINGS = NO;
				SWIFT_VERSION = 5.0;
				TARGETED_DEVICE_FAMILY = "1,2";
				TEST_HOST = "$(BUILT_PRODUCTS_DIR)/GuessGame.app/$(BUNDLE_EXECUTABLE_FOLDER_PATH)/GuessGame";
			};
			name = Release;
		};
		0809886729E411E600238F87 /* Debug */ = {
			isa = XCBuildConfiguration;
			buildSettings = {
				ALWAYS_EMBED_SWIFT_STANDARD_LIBRARIES = YES;
				CODE_SIGN_STYLE = Automatic;
				CURRENT_PROJECT_VERSION = 1;
				DEVELOPMENT_TEAM = LWQ6LZZQ5Q;
				GENERATE_INFOPLIST_FILE = YES;
				MARKETING_VERSION = 1.0;
				PRODUCT_BUNDLE_IDENTIFIER = nailtasdemir.GuessGameUITests;
				PRODUCT_NAME = "$(TARGET_NAME)";
				SWIFT_EMIT_LOC_STRINGS = NO;
				SWIFT_VERSION = 5.0;
				TARGETED_DEVICE_FAMILY = "1,2";
				TEST_TARGET_NAME = GuessGame;
			};
			name = Debug;
		};
		0809886829E411E600238F87 /* Release */ = {
			isa = XCBuildConfiguration;
			buildSettings = {
				ALWAYS_EMBED_SWIFT_STANDARD_LIBRARIES = YES;
				CODE_SIGN_STYLE = Automatic;
				CURRENT_PROJECT_VERSION = 1;
				DEVELOPMENT_TEAM = LWQ6LZZQ5Q;
				GENERATE_INFOPLIST_FILE = YES;
				MARKETING_VERSION = 1.0;
				PRODUCT_BUNDLE_IDENTIFIER = nailtasdemir.GuessGameUITests;
				PRODUCT_NAME = "$(TARGET_NAME)";
				SWIFT_EMIT_LOC_STRINGS = NO;
				SWIFT_VERSION = 5.0;
				TARGETED_DEVICE_FAMILY = "1,2";
				TEST_TARGET_NAME = GuessGame;
			};
			name = Release;
		};
/* End XCBuildConfiguration section */

/* Begin XCConfigurationList section */
		0809883129E411DF00238F87 /* Build configuration list for PBXProject "GuessGame" */ = {
			isa = XCConfigurationList;
			buildConfigurations = (
				0809885E29E411E600238F87 /* Debug */,
				0809885F29E411E600238F87 /* Release */,
			);
			defaultConfigurationIsVisible = 0;
			defaultConfigurationName = Release;
		};
		0809886029E411E600238F87 /* Build configuration list for PBXNativeTarget "GuessGame" */ = {
			isa = XCConfigurationList;
			buildConfigurations = (
				0809886129E411E600238F87 /* Debug */,
				0809886229E411E600238F87 /* Release */,
			);
			defaultConfigurationIsVisible = 0;
			defaultConfigurationName = Release;
		};
		0809886329E411E600238F87 /* Build configuration list for PBXNativeTarget "GuessGameTests" */ = {
			isa = XCConfigurationList;
			buildConfigurations = (
				0809886429E411E600238F87 /* Debug */,
				0809886529E411E600238F87 /* Release */,
			);
			defaultConfigurationIsVisible = 0;
			defaultConfigurationName = Release;
		};
		0809886629E411E600238F87 /* Build configuration list for PBXNativeTarget "GuessGameUITests" */ = {
			isa = XCConfigurationList;
			buildConfigurations = (
				0809886729E411E600238F87 /* Debug */,
				0809886829E411E600238F87 /* Release */,
			);
			defaultConfigurationIsVisible = 0;
			defaultConfigurationName = Release;
		};
/* End XCConfigurationList section */
	};
	rootObject = 0809882E29E411DF00238F87 /* Project object */;
}
